// !$*UTF8*$!
{
	archiveVersion = 1;
	classes = {
	};
	objectVersion = 56;
	objects = {

/* Begin PBXBuildFile section */
		6E088EB52C6A8B58008C61C5 /* BPMConverterTest.swift in Sources */ = {isa = PBXBuildFile; fileRef = 6E088EB42C6A8B58008C61C5 /* BPMConverterTest.swift */; };
		6E6511E82C6A9AAE00ED6B70 /* BpmConverter.swift in Sources */ = {isa = PBXBuildFile; fileRef = 6E6511E72C6A9AAE00ED6B70 /* BpmConverter.swift */; };
		6ECD0DF82C66CEB000B7EC08 /* Live_MetronomeApp.swift in Sources */ = {isa = PBXBuildFile; fileRef = 6ECD0DF72C66CEB000B7EC08 /* Live_MetronomeApp.swift */; };
		6ECD0DFA2C66CEB000B7EC08 /* ContentView.swift in Sources */ = {isa = PBXBuildFile; fileRef = 6ECD0DF92C66CEB000B7EC08 /* ContentView.swift */; };
		6ECD0DFC2C66CEB200B7EC08 /* Assets.xcassets in Resources */ = {isa = PBXBuildFile; fileRef = 6ECD0DFB2C66CEB200B7EC08 /* Assets.xcassets */; };
		6ECD0DFF2C66CEB200B7EC08 /* Preview Assets.xcassets in Resources */ = {isa = PBXBuildFile; fileRef = 6ECD0DFE2C66CEB200B7EC08 /* Preview Assets.xcassets */; };
/* End PBXBuildFile section */

/* Begin PBXContainerItemProxy section */
		6E088EAF2C6A8AFA008C61C5 /* PBXContainerItemProxy */ = {
			isa = PBXContainerItemProxy;
			containerPortal = 6ECD0DEC2C66CEB000B7EC08 /* Project object */;
			proxyType = 1;
			remoteGlobalIDString = 6ECD0DF32C66CEB000B7EC08;
			remoteInfo = "Live Metronome";
		};
/* End PBXContainerItemProxy section */

/* Begin PBXFileReference section */
		6E088EAB2C6A8AFA008C61C5 /* LiveMetronomeTest.xctest */ = {isa = PBXFileReference; explicitFileType = wrapper.cfbundle; includeInIndex = 0; path = LiveMetronomeTest.xctest; sourceTree = BUILT_PRODUCTS_DIR; };
		6E088EB42C6A8B58008C61C5 /* BPMConverterTest.swift */ = {isa = PBXFileReference; lastKnownFileType = sourcecode.swift; path = BPMConverterTest.swift; sourceTree = "<group>"; };
		6E6511E72C6A9AAE00ED6B70 /* BpmConverter.swift */ = {isa = PBXFileReference; fileEncoding = 4; lastKnownFileType = sourcecode.swift; path = BpmConverter.swift; sourceTree = "<group>"; };
		6ECD0DF42C66CEB000B7EC08 /* Live Metronome.app */ = {isa = PBXFileReference; explicitFileType = wrapper.application; includeInIndex = 0; path = "Live Metronome.app"; sourceTree = BUILT_PRODUCTS_DIR; };
		6ECD0DF72C66CEB000B7EC08 /* Live_MetronomeApp.swift */ = {isa = PBXFileReference; lastKnownFileType = sourcecode.swift; path = Live_MetronomeApp.swift; sourceTree = "<group>"; };
		6ECD0DF92C66CEB000B7EC08 /* ContentView.swift */ = {isa = PBXFileReference; lastKnownFileType = sourcecode.swift; path = ContentView.swift; sourceTree = "<group>"; };
		6ECD0DFB2C66CEB200B7EC08 /* Assets.xcassets */ = {isa = PBXFileReference; lastKnownFileType = folder.assetcatalog; path = Assets.xcassets; sourceTree = "<group>"; };
		6ECD0DFE2C66CEB200B7EC08 /* Preview Assets.xcassets */ = {isa = PBXFileReference; lastKnownFileType = folder.assetcatalog; path = "Preview Assets.xcassets"; sourceTree = "<group>"; };
/* End PBXFileReference section */

/* Begin PBXFrameworksBuildPhase section */
		6E088EA82C6A8AFA008C61C5 /* Frameworks */ = {
			isa = PBXFrameworksBuildPhase;
			buildActionMask = 2147483647;
			files = (
			);
			runOnlyForDeploymentPostprocessing = 0;
		};
		6ECD0DF12C66CEB000B7EC08 /* Frameworks */ = {
			isa = PBXFrameworksBuildPhase;
			buildActionMask = 2147483647;
			files = (
			);
			runOnlyForDeploymentPostprocessing = 0;
		};
/* End PBXFrameworksBuildPhase section */

/* Begin PBXGroup section */
		6E088EAC2C6A8AFA008C61C5 /* LiveMetronomeTest */ = {
			isa = PBXGroup;
			children = (
				6E088EB42C6A8B58008C61C5 /* BPMConverterTest.swift */,
			);
			path = LiveMetronomeTest;
			sourceTree = "<group>";
		};
		6ECD0DEB2C66CEB000B7EC08 = {
			isa = PBXGroup;
			children = (
				6ECD0DF62C66CEB000B7EC08 /* Live Metronome */,
				6E088EAC2C6A8AFA008C61C5 /* LiveMetronomeTest */,
				6ECD0DF52C66CEB000B7EC08 /* Products */,
			);
			sourceTree = "<group>";
		};
		6ECD0DF52C66CEB000B7EC08 /* Products */ = {
			isa = PBXGroup;
			children = (
				6ECD0DF42C66CEB000B7EC08 /* Live Metronome.app */,
				6E088EAB2C6A8AFA008C61C5 /* LiveMetronomeTest.xctest */,
			);
			name = Products;
			sourceTree = "<group>";
		};
		6ECD0DF62C66CEB000B7EC08 /* Live Metronome */ = {
			isa = PBXGroup;
			children = (
				6E6511E72C6A9AAE00ED6B70 /* BpmConverter.swift */,
				6ECD0DF72C66CEB000B7EC08 /* Live_MetronomeApp.swift */,
				6ECD0DF92C66CEB000B7EC08 /* ContentView.swift */,
				6ECD0DFB2C66CEB200B7EC08 /* Assets.xcassets */,
				6ECD0DFD2C66CEB200B7EC08 /* Preview Content */,
			);
			path = "Live Metronome";
			sourceTree = "<group>";
		};
		6ECD0DFD2C66CEB200B7EC08 /* Preview Content */ = {
			isa = PBXGroup;
			children = (
				6ECD0DFE2C66CEB200B7EC08 /* Preview Assets.xcassets */,
			);
			path = "Preview Content";
			sourceTree = "<group>";
		};
/* End PBXGroup section */

/* Begin PBXNativeTarget section */
		6E088EAA2C6A8AFA008C61C5 /* LiveMetronomeTest */ = {
			isa = PBXNativeTarget;
			buildConfigurationList = 6E088EB12C6A8AFA008C61C5 /* Build configuration list for PBXNativeTarget "LiveMetronomeTest" */;
			buildPhases = (
				6E088EA72C6A8AFA008C61C5 /* Sources */,
				6E088EA82C6A8AFA008C61C5 /* Frameworks */,
				6E088EA92C6A8AFA008C61C5 /* Resources */,
			);
			buildRules = (
			);
			dependencies = (
				6E088EB02C6A8AFA008C61C5 /* PBXTargetDependency */,
			);
			name = LiveMetronomeTest;
			productName = LiveMetronomeTest;
			productReference = 6E088EAB2C6A8AFA008C61C5 /* LiveMetronomeTest.xctest */;
			productType = "com.apple.product-type.bundle.unit-test";
		};
		6ECD0DF32C66CEB000B7EC08 /* Live Metronome */ = {
			isa = PBXNativeTarget;
			buildConfigurationList = 6ECD0E022C66CEB200B7EC08 /* Build configuration list for PBXNativeTarget "Live Metronome" */;
			buildPhases = (
				6ECD0DF02C66CEB000B7EC08 /* Sources */,
				6ECD0DF12C66CEB000B7EC08 /* Frameworks */,
				6ECD0DF22C66CEB000B7EC08 /* Resources */,
			);
			buildRules = (
			);
			dependencies = (
			);
			name = "Live Metronome";
			productName = "Live Metronome";
			productReference = 6ECD0DF42C66CEB000B7EC08 /* Live Metronome.app */;
			productType = "com.apple.product-type.application";
		};
/* End PBXNativeTarget section */

/* Begin PBXProject section */
		6ECD0DEC2C66CEB000B7EC08 /* Project object */ = {
			isa = PBXProject;
			attributes = {
				BuildIndependentTargetsInParallel = 1;
				LastSwiftUpdateCheck = 1540;
				LastUpgradeCheck = 1540;
				TargetAttributes = {
					6E088EAA2C6A8AFA008C61C5 = {
						CreatedOnToolsVersion = 15.4;
						TestTargetID = 6ECD0DF32C66CEB000B7EC08;
					};
					6ECD0DF32C66CEB000B7EC08 = {
						CreatedOnToolsVersion = 15.4;
					};
				};
			};
			buildConfigurationList = 6ECD0DEF2C66CEB000B7EC08 /* Build configuration list for PBXProject "Live Metronome" */;
			compatibilityVersion = "Xcode 14.0";
			developmentRegion = en;
			hasScannedForEncodings = 0;
			knownRegions = (
				en,
				Base,
			);
			mainGroup = 6ECD0DEB2C66CEB000B7EC08;
			productRefGroup = 6ECD0DF52C66CEB000B7EC08 /* Products */;
			projectDirPath = "";
			projectRoot = "";
			targets = (
				6ECD0DF32C66CEB000B7EC08 /* Live Metronome */,
				6E088EAA2C6A8AFA008C61C5 /* LiveMetronomeTest */,
			);
		};
/* End PBXProject section */

/* Begin PBXResourcesBuildPhase section */
		6E088EA92C6A8AFA008C61C5 /* Resources */ = {
			isa = PBXResourcesBuildPhase;
			buildActionMask = 2147483647;
			files = (
			);
			runOnlyForDeploymentPostprocessing = 0;
		};
		6ECD0DF22C66CEB000B7EC08 /* Resources */ = {
			isa = PBXResourcesBuildPhase;
			buildActionMask = 2147483647;
			files = (
				6ECD0DFF2C66CEB200B7EC08 /* Preview Assets.xcassets in Resources */,
				6ECD0DFC2C66CEB200B7EC08 /* Assets.xcassets in Resources */,
			);
			runOnlyForDeploymentPostprocessing = 0;
		};
/* End PBXResourcesBuildPhase section */

/* Begin PBXSourcesBuildPhase section */
		6E088EA72C6A8AFA008C61C5 /* Sources */ = {
			isa = PBXSourcesBuildPhase;
			buildActionMask = 2147483647;
			files = (
				6E088EB52C6A8B58008C61C5 /* BPMConverterTest.swift in Sources */,
			);
			runOnlyForDeploymentPostprocessing = 0;
		};
		6ECD0DF02C66CEB000B7EC08 /* Sources */ = {
			isa = PBXSourcesBuildPhase;
			buildActionMask = 2147483647;
			files = (
				6ECD0DFA2C66CEB000B7EC08 /* ContentView.swift in Sources */,
				6E6511E82C6A9AAE00ED6B70 /* BpmConverter.swift in Sources */,
				6ECD0DF82C66CEB000B7EC08 /* Live_MetronomeApp.swift in Sources */,
			);
			runOnlyForDeploymentPostprocessing = 0;
		};
/* End PBXSourcesBuildPhase section */

/* Begin PBXTargetDependency section */
		6E088EB02C6A8AFA008C61C5 /* PBXTargetDependency */ = {
			isa = PBXTargetDependency;
			target = 6ECD0DF32C66CEB000B7EC08 /* Live Metronome */;
			targetProxy = 6E088EAF2C6A8AFA008C61C5 /* PBXContainerItemProxy */;
		};
/* End PBXTargetDependency section */

/* Begin XCBuildConfiguration section */
		6E088EB22C6A8AFA008C61C5 /* Debug */ = {
			isa = XCBuildConfiguration;
			buildSettings = {
				BUNDLE_LOADER = "$(TEST_HOST)";
				CODE_SIGN_STYLE = Automatic;
				CURRENT_PROJECT_VERSION = 1;
				DEVELOPMENT_TEAM = DG389Q43HW;
				GENERATE_INFOPLIST_FILE = YES;
				MARKETING_VERSION = 1.0;
				PRODUCT_BUNDLE_IDENTIFIER = com.fherdelpino.LiveMetronomeTest;
				PRODUCT_NAME = "$(TARGET_NAME)";
				SWIFT_EMIT_LOC_STRINGS = NO;
				SWIFT_VERSION = 5.0;
				TARGETED_DEVICE_FAMILY = "1,2";
				TEST_HOST = "$(BUILT_PRODUCTS_DIR)/Live Metronome.app/$(BUNDLE_EXECUTABLE_FOLDER_PATH)/Live Metronome";
			};
			name = Debug;
		};
		6E088EB32C6A8AFA008C61C5 /* Release */ = {
			isa = XCBuildConfiguration;
			buildSettings = {
				BUNDLE_LOADER = "$(TEST_HOST)";
				CODE_SIGN_STYLE = Automatic;
				CURRENT_PROJECT_VERSION = 1;
				DEVELOPMENT_TEAM = DG389Q43HW;
				GENERATE_INFOPLIST_FILE = YES;
				MARKETING_VERSION = 1.0;
				PRODUCT_BUNDLE_IDENTIFIER = com.fherdelpino.LiveMetronomeTest;
				PRODUCT_NAME = "$(TARGET_NAME)";
				SWIFT_EMIT_LOC_STRINGS = NO;
				SWIFT_VERSION = 5.0;
				TARGETED_DEVICE_FAMILY = "1,2";
				TEST_HOST = "$(BUILT_PRODUCTS_DIR)/Live Metronome.app/$(BUNDLE_EXECUTABLE_FOLDER_PATH)/Live Metronome";
			};
			name = Release;
		};
		6ECD0E002C66CEB200B7EC08 /* Debug */ = {
			isa = XCBuildConfiguration;
			buildSettings = {
				ALWAYS_SEARCH_USER_PATHS = NO;
				ASSETCATALOG_COMPILER_GENERATE_SWIFT_ASSET_SYMBOL_EXTENSIONS = YES;
				CLANG_ANALYZER_NONNULL = YES;
				CLANG_ANALYZER_NUMBER_OBJECT_CONVERSION = YES_AGGRESSIVE;
				CLANG_CXX_LANGUAGE_STANDARD = "gnu++20";
				CLANG_ENABLE_MODULES = YES;
				CLANG_ENABLE_OBJC_ARC = YES;
				CLANG_ENABLE_OBJC_WEAK = YES;
				CLANG_WARN_BLOCK_CAPTURE_AUTORELEASING = YES;
				CLANG_WARN_BOOL_CONVERSION = YES;
				CLANG_WARN_COMMA = YES;
				CLANG_WARN_CONSTANT_CONVERSION = YES;
				CLANG_WARN_DEPRECATED_OBJC_IMPLEMENTATIONS = YES;
				CLANG_WARN_DIRECT_OBJC_ISA_USAGE = YES_ERROR;
				CLANG_WARN_DOCUMENTATION_COMMENTS = YES;
				CLANG_WARN_EMPTY_BODY = YES;
				CLANG_WARN_ENUM_CONVERSION = YES;
				CLANG_WARN_INFINITE_RECURSION = YES;
				CLANG_WARN_INT_CONVERSION = YES;
				CLANG_WARN_NON_LITERAL_NULL_CONVERSION = YES;
				CLANG_WARN_OBJC_IMPLICIT_RETAIN_SELF = YES;
				CLANG_WARN_OBJC_LITERAL_CONVERSION = YES;
				CLANG_WARN_OBJC_ROOT_CLASS = YES_ERROR;
				CLANG_WARN_QUOTED_INCLUDE_IN_FRAMEWORK_HEADER = YES;
				CLANG_WARN_RANGE_LOOP_ANALYSIS = YES;
				CLANG_WARN_STRICT_PROTOTYPES = YES;
				CLANG_WARN_SUSPICIOUS_MOVE = YES;
				CLANG_WARN_UNGUARDED_AVAILABILITY = YES_AGGRESSIVE;
				CLANG_WARN_UNREACHABLE_CODE = YES;
				CLANG_WARN__DUPLICATE_METHOD_MATCH = YES;
				COPY_PHASE_STRIP = NO;
				DEBUG_INFORMATION_FORMAT = dwarf;
				ENABLE_STRICT_OBJC_MSGSEND = YES;
				ENABLE_TESTABILITY = YES;
				ENABLE_USER_SCRIPT_SANDBOXING = YES;
				GCC_C_LANGUAGE_STANDARD = gnu17;
				GCC_DYNAMIC_NO_PIC = NO;
				GCC_NO_COMMON_BLOCKS = YES;
				GCC_OPTIMIZATION_LEVEL = 0;
				GCC_PREPROCESSOR_DEFINITIONS = (
					"DEBUG=1",
					"$(inherited)",
				);
				GCC_WARN_64_TO_32_BIT_CONVERSION = YES;
				GCC_WARN_ABOUT_RETURN_TYPE = YES_ERROR;
				GCC_WARN_UNDECLARED_SELECTOR = YES;
				GCC_WARN_UNINITIALIZED_AUTOS = YES_AGGRESSIVE;
				GCC_WARN_UNUSED_FUNCTION = YES;
				GCC_WARN_UNUSED_VARIABLE = YES;
				IPHONEOS_DEPLOYMENT_TARGET = 17.5;
				LOCALIZATION_PREFERS_STRING_CATALOGS = YES;
				MTL_ENABLE_DEBUG_INFO = INCLUDE_SOURCE;
				MTL_FAST_MATH = YES;
				ONLY_ACTIVE_ARCH = YES;
				SDKROOT = iphoneos;
				SWIFT_ACTIVE_COMPILATION_CONDITIONS = "DEBUG $(inherited)";
				SWIFT_OPTIMIZATION_LEVEL = "-Onone";
			};
			name = Debug;
		};
		6ECD0E012C66CEB200B7EC08 /* Release */ = {
			isa = XCBuildConfiguration;
			buildSettings = {
				ALWAYS_SEARCH_USER_PATHS = NO;
				ASSETCATALOG_COMPILER_GENERATE_SWIFT_ASSET_SYMBOL_EXTENSIONS = YES;
				CLANG_ANALYZER_NONNULL = YES;
				CLANG_ANALYZER_NUMBER_OBJECT_CONVERSION = YES_AGGRESSIVE;
				CLANG_CXX_LANGUAGE_STANDARD = "gnu++20";
				CLANG_ENABLE_MODULES = YES;
				CLANG_ENABLE_OBJC_ARC = YES;
				CLANG_ENABLE_OBJC_WEAK = YES;
				CLANG_WARN_BLOCK_CAPTURE_AUTORELEASING = YES;
				CLANG_WARN_BOOL_CONVERSION = YES;
				CLANG_WARN_COMMA = YES;
				CLANG_WARN_CONSTANT_CONVERSION = YES;
				CLANG_WARN_DEPRECATED_OBJC_IMPLEMENTATIONS = YES;
				CLANG_WARN_DIRECT_OBJC_ISA_USAGE = YES_ERROR;
				CLANG_WARN_DOCUMENTATION_COMMENTS = YES;
				CLANG_WARN_EMPTY_BODY = YES;
				CLANG_WARN_ENUM_CONVERSION = YES;
				CLANG_WARN_INFINITE_RECURSION = YES;
				CLANG_WARN_INT_CONVERSION = YES;
				CLANG_WARN_NON_LITERAL_NULL_CONVERSION = YES;
				CLANG_WARN_OBJC_IMPLICIT_RETAIN_SELF = YES;
				CLANG_WARN_OBJC_LITERAL_CONVERSION = YES;
				CLANG_WARN_OBJC_ROOT_CLASS = YES_ERROR;
				CLANG_WARN_QUOTED_INCLUDE_IN_FRAMEWORK_HEADER = YES;
				CLANG_WARN_RANGE_LOOP_ANALYSIS = YES;
				CLANG_WARN_STRICT_PROTOTYPES = YES;
				CLANG_WARN_SUSPICIOUS_MOVE = YES;
				CLANG_WARN_UNGUARDED_AVAILABILITY = YES_AGGRESSIVE;
				CLANG_WARN_UNREACHABLE_CODE = YES;
				CLANG_WARN__DUPLICATE_METHOD_MATCH = YES;
				COPY_PHASE_STRIP = NO;
				DEBUG_INFORMATION_FORMAT = "dwarf-with-dsym";
				ENABLE_NS_ASSERTIONS = NO;
				ENABLE_STRICT_OBJC_MSGSEND = YES;
				ENABLE_USER_SCRIPT_SANDBOXING = YES;
				GCC_C_LANGUAGE_STANDARD = gnu17;
				GCC_NO_COMMON_BLOCKS = YES;
				GCC_WARN_64_TO_32_BIT_CONVERSION = YES;
				GCC_WARN_ABOUT_RETURN_TYPE = YES_ERROR;
				GCC_WARN_UNDECLARED_SELECTOR = YES;
				GCC_WARN_UNINITIALIZED_AUTOS = YES_AGGRESSIVE;
				GCC_WARN_UNUSED_FUNCTION = YES;
				GCC_WARN_UNUSED_VARIABLE = YES;
				IPHONEOS_DEPLOYMENT_TARGET = 17.5;
				LOCALIZATION_PREFERS_STRING_CATALOGS = YES;
				MTL_ENABLE_DEBUG_INFO = NO;
				MTL_FAST_MATH = YES;
				SDKROOT = iphoneos;
				SWIFT_COMPILATION_MODE = wholemodule;
				VALIDATE_PRODUCT = YES;
			};
			name = Release;
		};
		6ECD0E032C66CEB200B7EC08 /* Debug */ = {
			isa = XCBuildConfiguration;
			buildSettings = {
				ASSETCATALOG_COMPILER_APPICON_NAME = AppIcon;
				ASSETCATALOG_COMPILER_GLOBAL_ACCENT_COLOR_NAME = AccentColor;
				CODE_SIGN_STYLE = Automatic;
				CURRENT_PROJECT_VERSION = 1;
				DEVELOPMENT_ASSET_PATHS = "\"Live Metronome/Preview Content\"";
				DEVELOPMENT_TEAM = DG389Q43HW;
				ENABLE_PREVIEWS = YES;
				GENERATE_INFOPLIST_FILE = YES;
				INFOPLIST_KEY_CFBundleDisplayName = "Live Metronome";
				INFOPLIST_KEY_LSApplicationCategoryType = "public.app-category.music";
				INFOPLIST_KEY_UIApplicationSceneManifest_Generation = YES;
				INFOPLIST_KEY_UIApplicationSupportsIndirectInputEvents = YES;
				INFOPLIST_KEY_UILaunchScreen_Generation = YES;
				INFOPLIST_KEY_UISupportedInterfaceOrientations_iPad = "UIInterfaceOrientationPortrait UIInterfaceOrientationPortraitUpsideDown UIInterfaceOrientationLandscapeLeft UIInterfaceOrientationLandscapeRight";
				INFOPLIST_KEY_UISupportedInterfaceOrientations_iPhone = "UIInterfaceOrientationPortrait UIInterfaceOrientationLandscapeLeft UIInterfaceOrientationLandscapeRight";
				LD_RUNPATH_SEARCH_PATHS = (
					"$(inherited)",
					"@executable_path/Frameworks",
				);
				MARKETING_VERSION = 1.0;
				PRODUCT_BUNDLE_IDENTIFIER = "com.fherdelpino.Live-Metronome";
				PRODUCT_NAME = "$(TARGET_NAME)";
				SWIFT_EMIT_LOC_STRINGS = YES;
				SWIFT_VERSION = 5.0;
				TARGETED_DEVICE_FAMILY = "1,2";
			};
			name = Debug;
		};
		6ECD0E042C66CEB200B7EC08 /* Release */ = {
			isa = XCBuildConfiguration;
			buildSettings = {
				ASSETCATALOG_COMPILER_APPICON_NAME = AppIcon;
				ASSETCATALOG_COMPILER_GLOBAL_ACCENT_COLOR_NAME = AccentColor;
				CODE_SIGN_STYLE = Automatic;
				CURRENT_PROJECT_VERSION = 1;
				DEVELOPMENT_ASSET_PATHS = "\"Live Metronome/Preview Content\"";
				DEVELOPMENT_TEAM = DG389Q43HW;
				ENABLE_PREVIEWS = YES;
				GENERATE_INFOPLIST_FILE = YES;
				INFOPLIST_KEY_CFBundleDisplayName = "Live Metronome";
				INFOPLIST_KEY_LSApplicationCategoryType = "public.app-category.music";
				INFOPLIST_KEY_UIApplicationSceneManifest_Generation = YES;
				INFOPLIST_KEY_UIApplicationSupportsIndirectInputEvents = YES;
				INFOPLIST_KEY_UILaunchScreen_Generation = YES;
				INFOPLIST_KEY_UISupportedInterfaceOrientations_iPad = "UIInterfaceOrientationPortrait UIInterfaceOrientationPortraitUpsideDown UIInterfaceOrientationLandscapeLeft UIInterfaceOrientationLandscapeRight";
				INFOPLIST_KEY_UISupportedInterfaceOrientations_iPhone = "UIInterfaceOrientationPortrait UIInterfaceOrientationLandscapeLeft UIInterfaceOrientationLandscapeRight";
				LD_RUNPATH_SEARCH_PATHS = (
					"$(inherited)",
					"@executable_path/Frameworks",
				);
				MARKETING_VERSION = 1.0;
				PRODUCT_BUNDLE_IDENTIFIER = "com.fherdelpino.Live-Metronome";
				PRODUCT_NAME = "$(TARGET_NAME)";
				SWIFT_EMIT_LOC_STRINGS = YES;
				SWIFT_VERSION = 5.0;
				TARGETED_DEVICE_FAMILY = "1,2";
			};
			name = Release;
		};
/* End XCBuildConfiguration section */

/* Begin XCConfigurationList section */
		6E088EB12C6A8AFA008C61C5 /* Build configuration list for PBXNativeTarget "LiveMetronomeTest" */ = {
			isa = XCConfigurationList;
			buildConfigurations = (
				6E088EB22C6A8AFA008C61C5 /* Debug */,
				6E088EB32C6A8AFA008C61C5 /* Release */,
			);
			defaultConfigurationIsVisible = 0;
			defaultConfigurationName = Release;
		};
		6ECD0DEF2C66CEB000B7EC08 /* Build configuration list for PBXProject "Live Metronome" */ = {
			isa = XCConfigurationList;
			buildConfigurations = (
				6ECD0E002C66CEB200B7EC08 /* Debug */,
				6ECD0E012C66CEB200B7EC08 /* Release */,
			);
			defaultConfigurationIsVisible = 0;
			defaultConfigurationName = Release;
		};
		6ECD0E022C66CEB200B7EC08 /* Build configuration list for PBXNativeTarget "Live Metronome" */ = {
			isa = XCConfigurationList;
			buildConfigurations = (
				6ECD0E032C66CEB200B7EC08 /* Debug */,
				6ECD0E042C66CEB200B7EC08 /* Release */,
			);
			defaultConfigurationIsVisible = 0;
			defaultConfigurationName = Release;
		};
/* End XCConfigurationList section */
	};
	rootObject = 6ECD0DEC2C66CEB000B7EC08 /* Project object */;
}
